
Microsoft Visual Studio Solution File, Format Version 12.00
# Visual Studio Version 16
VisualStudioVersion = 16.0.30907.101
MinimumVisualStudioVersion = 10.0.40219.1
Project("{FAE04EC0-301F-11D3-BF4B-00C04F79EFBC}") = "ConsoleService_thing", "ConsoleService_thing\ConsoleService_thing.csproj", "{A535F0DF-F5D7-422A-A28A-6F70733F0B7D}"
EndProject
Global
	GlobalSection(SolutionConfigurationPlatforms) = preSolution
		Debug|Any CPU = Debug|Any CPU
		Release|Any CPU = Release|Any CPU
	EndGlobalSection
	GlobalSection(ProjectConfigurationPlatforms) = postSolution
		{A535F0DF-F5D7-422A-A28A-6F70733F0B7D}.Debug|Any CPU.ActiveCfg = Debug|Any CPU
		{A535F0DF-F5D7-422A-A28A-6F70733F0B7D}.Debug|Any CPU.Build.0 = Debug|Any CPU
		{A535F0DF-F5D7-422A-A28A-6F70733F0B7D}.Release|Any CPU.ActiveCfg = Release|Any CPU
		{A535F0DF-F5D7-422A-A28A-6F70733F0B7D}.Release|Any CPU.Build.0 = Release|Any CPU
	EndGlobalSection
	GlobalSection(SolutionProperties) = preSolution
		HideSolutionNode = FALSE
	EndGlobalSection
	GlobalSection(ExtensibilityGlobals) = postSolution
		SolutionGuid = {8B4A2B6C-F328-49D2-98EA-8D1FB6312700}
	EndGlobalSection
EndGlobal
